// !$*UTF8*$!
{
	archiveVersion = 1;
	classes = {
	};
	objectVersion = 50;
	objects = {

/* Begin PBXBuildFile section */
		D6F2A0D75A64EA86D23E054E /* Pods_MDEditor.framework in Frameworks */ = {isa = PBXBuildFile; fileRef = A31F815FCA86017E84D90A72 /* Pods_MDEditor.framework */; };
		F94AC7592201893400C393E5 /* AppDelegate.swift in Sources */ = {isa = PBXBuildFile; fileRef = F94AC7582201893400C393E5 /* AppDelegate.swift */; };
		F94AC75B2201893400C393E5 /* MDEditorViewController.swift in Sources */ = {isa = PBXBuildFile; fileRef = F94AC75A2201893400C393E5 /* MDEditorViewController.swift */; };
		F94AC75E2201893400C393E5 /* Main.storyboard in Resources */ = {isa = PBXBuildFile; fileRef = F94AC75C2201893400C393E5 /* Main.storyboard */; };
		F94AC7602201893600C393E5 /* Assets.xcassets in Resources */ = {isa = PBXBuildFile; fileRef = F94AC75F2201893600C393E5 /* Assets.xcassets */; };
		F94AC7632201893600C393E5 /* LaunchScreen.storyboard in Resources */ = {isa = PBXBuildFile; fileRef = F94AC7612201893600C393E5 /* LaunchScreen.storyboard */; };
		F94AC76B2201907E00C393E5 /* PreviewViewController.swift in Sources */ = {isa = PBXBuildFile; fileRef = F94AC76A2201907E00C393E5 /* PreviewViewController.swift */; };
		F94AC7722201923E00C393E5 /* showdown.js in Resources */ = {isa = PBXBuildFile; fileRef = F94AC76E2201923E00C393E5 /* showdown.js */; };
		F94AC7732201923E00C393E5 /* github-markdown.css in Resources */ = {isa = PBXBuildFile; fileRef = F94AC7712201923E00C393E5 /* github-markdown.css */; };
		F94AC7752201929F00C393E5 /* index.html in Resources */ = {isa = PBXBuildFile; fileRef = F94AC7742201929F00C393E5 /* index.html */; };
		F94AC7772201955000C393E5 /* convert.js in Resources */ = {isa = PBXBuildFile; fileRef = F94AC7762201955000C393E5 /* convert.js */; };
/* End PBXBuildFile section */

/* Begin PBXFileReference section */
		2952A6585500C93CD063F232 /* Pods-MDEditor.debug.xcconfig */ = {isa = PBXFileReference; includeInIndex = 1; lastKnownFileType = text.xcconfig; name = "Pods-MDEditor.debug.xcconfig"; path = "Pods/Target Support Files/Pods-MDEditor/Pods-MDEditor.debug.xcconfig"; sourceTree = "<group>"; };
		A31F815FCA86017E84D90A72 /* Pods_MDEditor.framework */ = {isa = PBXFileReference; explicitFileType = wrapper.framework; includeInIndex = 0; path = Pods_MDEditor.framework; sourceTree = BUILT_PRODUCTS_DIR; };
		F94AC7552201893400C393E5 /* MDEditor.app */ = {isa = PBXFileReference; explicitFileType = wrapper.application; includeInIndex = 0; path = MDEditor.app; sourceTree = BUILT_PRODUCTS_DIR; };
		F94AC7582201893400C393E5 /* AppDelegate.swift */ = {isa = PBXFileReference; lastKnownFileType = sourcecode.swift; path = AppDelegate.swift; sourceTree = "<group>"; };
		F94AC75A2201893400C393E5 /* MDEditorViewController.swift */ = {isa = PBXFileReference; lastKnownFileType = sourcecode.swift; path = MDEditorViewController.swift; sourceTree = "<group>"; };
		F94AC75D2201893400C393E5 /* Base */ = {isa = PBXFileReference; lastKnownFileType = file.storyboard; name = Base; path = Base.lproj/Main.storyboard; sourceTree = "<group>"; };
		F94AC75F2201893600C393E5 /* Assets.xcassets */ = {isa = PBXFileReference; lastKnownFileType = folder.assetcatalog; path = Assets.xcassets; sourceTree = "<group>"; };
		F94AC7622201893600C393E5 /* Base */ = {isa = PBXFileReference; lastKnownFileType = file.storyboard; name = Base; path = Base.lproj/LaunchScreen.storyboard; sourceTree = "<group>"; };
		F94AC7642201893600C393E5 /* Info.plist */ = {isa = PBXFileReference; lastKnownFileType = text.plist.xml; path = Info.plist; sourceTree = "<group>"; };
		F94AC76A2201907E00C393E5 /* PreviewViewController.swift */ = {isa = PBXFileReference; lastKnownFileType = sourcecode.swift; path = PreviewViewController.swift; sourceTree = "<group>"; };
		F94AC76E2201923E00C393E5 /* showdown.js */ = {isa = PBXFileReference; fileEncoding = 4; lastKnownFileType = sourcecode.javascript; path = showdown.js; sourceTree = "<group>"; };
		F94AC7712201923E00C393E5 /* github-markdown.css */ = {isa = PBXFileReference; fileEncoding = 4; lastKnownFileType = text.css; path = "github-markdown.css"; sourceTree = "<group>"; };
		F94AC7742201929F00C393E5 /* index.html */ = {isa = PBXFileReference; lastKnownFileType = text.html; path = index.html; sourceTree = "<group>"; };
		F94AC7762201955000C393E5 /* convert.js */ = {isa = PBXFileReference; lastKnownFileType = sourcecode.javascript; path = convert.js; sourceTree = "<group>"; };
		FB152E00B71AB14842B233F7 /* Pods-MDEditor.release.xcconfig */ = {isa = PBXFileReference; includeInIndex = 1; lastKnownFileType = text.xcconfig; name = "Pods-MDEditor.release.xcconfig"; path = "Pods/Target Support Files/Pods-MDEditor/Pods-MDEditor.release.xcconfig"; sourceTree = "<group>"; };
/* End PBXFileReference section */

/* Begin PBXFrameworksBuildPhase section */
		F94AC7522201893400C393E5 /* Frameworks */ = {
			isa = PBXFrameworksBuildPhase;
			buildActionMask = 2147483647;
			files = (
				D6F2A0D75A64EA86D23E054E /* Pods_MDEditor.framework in Frameworks */,
			);
			runOnlyForDeploymentPostprocessing = 0;
		};
/* End PBXFrameworksBuildPhase section */

/* Begin PBXGroup section */
		0807AB49BAB6D613C1995547 /* Pods */ = {
			isa = PBXGroup;
			children = (
				2952A6585500C93CD063F232 /* Pods-MDEditor.debug.xcconfig */,
				FB152E00B71AB14842B233F7 /* Pods-MDEditor.release.xcconfig */,
			);
			name = Pods;
			sourceTree = "<group>";
		};
		F19FE67672CE3FF24E5DD1BC /* Frameworks */ = {
			isa = PBXGroup;
			children = (
				A31F815FCA86017E84D90A72 /* Pods_MDEditor.framework */,
			);
			name = Frameworks;
			sourceTree = "<group>";
		};
		F94AC74C2201893400C393E5 = {
			isa = PBXGroup;
			children = (
				F94AC7572201893400C393E5 /* MDEditor */,
				F94AC7562201893400C393E5 /* Products */,
				0807AB49BAB6D613C1995547 /* Pods */,
				F19FE67672CE3FF24E5DD1BC /* Frameworks */,
			);
			sourceTree = "<group>";
		};
		F94AC7562201893400C393E5 /* Products */ = {
			isa = PBXGroup;
			children = (
				F94AC7552201893400C393E5 /* MDEditor.app */,
			);
			name = Products;
			sourceTree = "<group>";
		};
		F94AC7572201893400C393E5 /* MDEditor */ = {
			isa = PBXGroup;
			children = (
				F94AC76C2201917500C393E5 /* Resources */,
				F94AC7582201893400C393E5 /* AppDelegate.swift */,
				F94AC75A2201893400C393E5 /* MDEditorViewController.swift */,
				F94AC75C2201893400C393E5 /* Main.storyboard */,
				F94AC75F2201893600C393E5 /* Assets.xcassets */,
				F94AC7612201893600C393E5 /* LaunchScreen.storyboard */,
				F94AC7642201893600C393E5 /* Info.plist */,
				F94AC76A2201907E00C393E5 /* PreviewViewController.swift */,
			);
			path = MDEditor;
			sourceTree = "<group>";
		};
		F94AC76C2201917500C393E5 /* Resources */ = {
			isa = PBXGroup;
			children = (
				F94AC7702201923E00C393E5 /* css */,
				F94AC76F2201923E00C393E5 /* html */,
				F94AC76D2201923E00C393E5 /* js */,
			);
			path = Resources;
			sourceTree = "<group>";
		};
		F94AC76D2201923E00C393E5 /* js */ = {
			isa = PBXGroup;
			children = (
				F94AC76E2201923E00C393E5 /* showdown.js */,
				F94AC7762201955000C393E5 /* convert.js */,
			);
			path = js;
			sourceTree = "<group>";
		};
		F94AC76F2201923E00C393E5 /* html */ = {
			isa = PBXGroup;
			children = (
				F94AC7742201929F00C393E5 /* index.html */,
			);
			path = html;
			sourceTree = "<group>";
		};
		F94AC7702201923E00C393E5 /* css */ = {
			isa = PBXGroup;
			children = (
				F94AC7712201923E00C393E5 /* github-markdown.css */,
			);
			path = css;
			sourceTree = "<group>";
		};
/* End PBXGroup section */

/* Begin PBXNativeTarget section */
		F94AC7542201893400C393E5 /* MDEditor */ = {
			isa = PBXNativeTarget;
			buildConfigurationList = F94AC7672201893600C393E5 /* Build configuration list for PBXNativeTarget "MDEditor" */;
			buildPhases = (
				983220813CC7226B18D487BB /* [CP] Check Pods Manifest.lock */,
				F94AC7512201893400C393E5 /* Sources */,
				F94AC7522201893400C393E5 /* Frameworks */,
				F94AC7532201893400C393E5 /* Resources */,
				DFCF8814716D57032BA344FC /* [CP] Embed Pods Frameworks */,
			);
			buildRules = (
			);
			dependencies = (
			);
			name = MDEditor;
			productName = MDEditor;
			productReference = F94AC7552201893400C393E5 /* MDEditor.app */;
			productType = "com.apple.product-type.application";
		};
/* End PBXNativeTarget section */

/* Begin PBXProject section */
		F94AC74D2201893400C393E5 /* Project object */ = {
			isa = PBXProject;
			attributes = {
				LastSwiftUpdateCheck = 1010;
				LastUpgradeCheck = 1010;
				ORGANIZATIONNAME = Ashoka;
				TargetAttributes = {
					F94AC7542201893400C393E5 = {
						CreatedOnToolsVersion = 10.1;
					};
				};
			};
			buildConfigurationList = F94AC7502201893400C393E5 /* Build configuration list for PBXProject "MDEditor" */;
			compatibilityVersion = "Xcode 9.3";
			developmentRegion = en;
			hasScannedForEncodings = 0;
			knownRegions = (
				en,
				Base,
			);
			mainGroup = F94AC74C2201893400C393E5;
			productRefGroup = F94AC7562201893400C393E5 /* Products */;
			projectDirPath = "";
			projectRoot = "";
			targets = (
				F94AC7542201893400C393E5 /* MDEditor */,
			);
		};
/* End PBXProject section */

/* Begin PBXResourcesBuildPhase section */
		F94AC7532201893400C393E5 /* Resources */ = {
			isa = PBXResourcesBuildPhase;
			buildActionMask = 2147483647;
			files = (
				F94AC7732201923E00C393E5 /* github-markdown.css in Resources */,
				F94AC7632201893600C393E5 /* LaunchScreen.storyboard in Resources */,
				F94AC7772201955000C393E5 /* convert.js in Resources */,
				F94AC7602201893600C393E5 /* Assets.xcassets in Resources */,
				F94AC7752201929F00C393E5 /* index.html in Resources */,
				F94AC75E2201893400C393E5 /* Main.storyboard in Resources */,
				F94AC7722201923E00C393E5 /* showdown.js in Resources */,
			);
			runOnlyForDeploymentPostprocessing = 0;
		};
/* End PBXResourcesBuildPhase section */

/* Begin PBXShellScriptBuildPhase section */
		983220813CC7226B18D487BB /* [CP] Check Pods Manifest.lock */ = {
			isa = PBXShellScriptBuildPhase;
			buildActionMask = 2147483647;
			files = (
			);
			inputFileListPaths = (
			);
			inputPaths = (
				"${PODS_PODFILE_DIR_PATH}/Podfile.lock",
				"${PODS_ROOT}/Manifest.lock",
			);
			name = "[CP] Check Pods Manifest.lock";
			outputFileListPaths = (
			);
			outputPaths = (
				"$(DERIVED_FILE_DIR)/Pods-MDEditor-checkManifestLockResult.txt",
			);
			runOnlyForDeploymentPostprocessing = 0;
			shellPath = /bin/sh;
			shellScript = "diff \"${PODS_PODFILE_DIR_PATH}/Podfile.lock\" \"${PODS_ROOT}/Manifest.lock\" > /dev/null\nif [ $? != 0 ] ; then\n    # print error to STDERR\n    echo \"error: The sandbox is not in sync with the Podfile.lock. Run 'pod install' or update your CocoaPods installation.\" >&2\n    exit 1\nfi\n# This output is used by Xcode 'outputs' to avoid re-running this script phase.\necho \"SUCCESS\" > \"${SCRIPT_OUTPUT_FILE_0}\"\n";
			showEnvVarsInLog = 0;
		};
		DFCF8814716D57032BA344FC /* [CP] Embed Pods Frameworks */ = {
			isa = PBXShellScriptBuildPhase;
			buildActionMask = 2147483647;
			files = (
			);
			inputFileListPaths = (
			);
			inputPaths = (
				"${SRCROOT}/Pods/Target Support Files/Pods-MDEditor/Pods-MDEditor-frameworks.sh",
				"${BUILT_PRODUCTS_DIR}/IQKeyboardManagerSwift/IQKeyboardManagerSwift.framework",
			);
			name = "[CP] Embed Pods Frameworks";
			outputFileListPaths = (
			);
			outputPaths = (
				"${TARGET_BUILD_DIR}/${FRAMEWORKS_FOLDER_PATH}/IQKeyboardManagerSwift.framework",
			);
			runOnlyForDeploymentPostprocessing = 0;
			shellPath = /bin/sh;
			shellScript = "\"${SRCROOT}/Pods/Target Support Files/Pods-MDEditor/Pods-MDEditor-frameworks.sh\"\n";
			showEnvVarsInLog = 0;
		};
/* End PBXShellScriptBuildPhase section */

/* Begin PBXSourcesBuildPhase section */
		F94AC7512201893400C393E5 /* Sources */ = {
			isa = PBXSourcesBuildPhase;
			buildActionMask = 2147483647;
			files = (
				F94AC75B2201893400C393E5 /* MDEditorViewController.swift in Sources */,
				F94AC7592201893400C393E5 /* AppDelegate.swift in Sources */,
				F94AC76B2201907E00C393E5 /* PreviewViewController.swift in Sources */,
			);
			runOnlyForDeploymentPostprocessing = 0;
		};
/* End PBXSourcesBuildPhase section */

/* Begin PBXVariantGroup section */
		F94AC75C2201893400C393E5 /* Main.storyboard */ = {
			isa = PBXVariantGroup;
			children = (
				F94AC75D2201893400C393E5 /* Base */,
			);
			name = Main.storyboard;
			sourceTree = "<group>";
		};
		F94AC7612201893600C393E5 /* LaunchScreen.storyboard */ = {
			isa = PBXVariantGroup;
			children = (
				F94AC7622201893600C393E5 /* Base */,
			);
			name = LaunchScreen.storyboard;
			sourceTree = "<group>";
		};
/* End PBXVariantGroup section */

/* Begin XCBuildConfiguration section */
		F94AC7652201893600C393E5 /* Debug */ = {
			isa = XCBuildConfiguration;
			buildSettings = {
				ALWAYS_SEARCH_USER_PATHS = NO;
				CLANG_ANALYZER_NONNULL = YES;
				CLANG_ANALYZER_NUMBER_OBJECT_CONVERSION = YES_AGGRESSIVE;
				CLANG_CXX_LANGUAGE_STANDARD = "gnu++14";
				CLANG_CXX_LIBRARY = "libc++";
				CLANG_ENABLE_MODULES = YES;
				CLANG_ENABLE_OBJC_ARC = YES;
				CLANG_ENABLE_OBJC_WEAK = YES;
				CLANG_WARN_BLOCK_CAPTURE_AUTORELEASING = YES;
				CLANG_WARN_BOOL_CONVERSION = YES;
				CLANG_WARN_COMMA = YES;
				CLANG_WARN_CONSTANT_CONVERSION = YES;
				CLANG_WARN_DEPRECATED_OBJC_IMPLEMENTATIONS = YES;
				CLANG_WARN_DIRECT_OBJC_ISA_USAGE = YES_ERROR;
				CLANG_WARN_DOCUMENTATION_COMMENTS = YES;
				CLANG_WARN_EMPTY_BODY = YES;
				CLANG_WARN_ENUM_CONVERSION = YES;
				CLANG_WARN_INFINITE_RECURSION = YES;
				CLANG_WARN_INT_CONVERSION = YES;
				CLANG_WARN_NON_LITERAL_NULL_CONVERSION = YES;
				CLANG_WARN_OBJC_IMPLICIT_RETAIN_SELF = YES;
				CLANG_WARN_OBJC_LITERAL_CONVERSION = YES;
				CLANG_WARN_OBJC_ROOT_CLASS = YES_ERROR;
				CLANG_WARN_RANGE_LOOP_ANALYSIS = YES;
				CLANG_WARN_STRICT_PROTOTYPES = YES;
				CLANG_WARN_SUSPICIOUS_MOVE = YES;
				CLANG_WARN_UNGUARDED_AVAILABILITY = YES_AGGRESSIVE;
				CLANG_WARN_UNREACHABLE_CODE = YES;
				CLANG_WARN__DUPLICATE_METHOD_MATCH = YES;
				CODE_SIGN_IDENTITY = "iPhone Developer";
				COPY_PHASE_STRIP = NO;
				DEBUG_INFORMATION_FORMAT = dwarf;
				ENABLE_STRICT_OBJC_MSGSEND = YES;
				ENABLE_TESTABILITY = YES;
				GCC_C_LANGUAGE_STANDARD = gnu11;
				GCC_DYNAMIC_NO_PIC = NO;
				GCC_NO_COMMON_BLOCKS = YES;
				GCC_OPTIMIZATION_LEVEL = 0;
				GCC_PREPROCESSOR_DEFINITIONS = (
					"DEBUG=1",
					"$(inherited)",
				);
				GCC_WARN_64_TO_32_BIT_CONVERSION = YES;
				GCC_WARN_ABOUT_RETURN_TYPE = YES_ERROR;
				GCC_WARN_UNDECLARED_SELECTOR = YES;
				GCC_WARN_UNINITIALIZED_AUTOS = YES_AGGRESSIVE;
				GCC_WARN_UNUSED_FUNCTION = YES;
				GCC_WARN_UNUSED_VARIABLE = YES;
				IPHONEOS_DEPLOYMENT_TARGET = 12.1;
				MTL_ENABLE_DEBUG_INFO = INCLUDE_SOURCE;
				MTL_FAST_MATH = YES;
				ONLY_ACTIVE_ARCH = YES;
				SDKROOT = iphoneos;
				SWIFT_ACTIVE_COMPILATION_CONDITIONS = DEBUG;
				SWIFT_OPTIMIZATION_LEVEL = "-Onone";
			};
			name = Debug;
		};
		F94AC7662201893600C393E5 /* Release */ = {
			isa = XCBuildConfiguration;
			buildSettings = {
				ALWAYS_SEARCH_USER_PATHS = NO;
				CLANG_ANALYZER_NONNULL = YES;
				CLANG_ANALYZER_NUMBER_OBJECT_CONVERSION = YES_AGGRESSIVE;
				CLANG_CXX_LANGUAGE_STANDARD = "gnu++14";
				CLANG_CXX_LIBRARY = "libc++";
				CLANG_ENABLE_MODULES = YES;
				CLANG_ENABLE_OBJC_ARC = YES;
				CLANG_ENABLE_OBJC_WEAK = YES;
				CLANG_WARN_BLOCK_CAPTURE_AUTORELEASING = YES;
				CLANG_WARN_BOOL_CONVERSION = YES;
				CLANG_WARN_COMMA = YES;
				CLANG_WARN_CONSTANT_CONVERSION = YES;
				CLANG_WARN_DEPRECATED_OBJC_IMPLEMENTATIONS = YES;
				CLANG_WARN_DIRECT_OBJC_ISA_USAGE = YES_ERROR;
				CLANG_WARN_DOCUMENTATION_COMMENTS = YES;
				CLANG_WARN_EMPTY_BODY = YES;
				CLANG_WARN_ENUM_CONVERSION = YES;
				CLANG_WARN_INFINITE_RECURSION = YES;
				CLANG_WARN_INT_CONVERSION = YES;
				CLANG_WARN_NON_LITERAL_NULL_CONVERSION = YES;
				CLANG_WARN_OBJC_IMPLICIT_RETAIN_SELF = YES;
				CLANG_WARN_OBJC_LITERAL_CONVERSION = YES;
				CLANG_WARN_OBJC_ROOT_CLASS = YES_ERROR;
				CLANG_WARN_RANGE_LOOP_ANALYSIS = YES;
				CLANG_WARN_STRICT_PROTOTYPES = YES;
				CLANG_WARN_SUSPICIOUS_MOVE = YES;
				CLANG_WARN_UNGUARDED_AVAILABILITY = YES_AGGRESSIVE;
				CLANG_WARN_UNREACHABLE_CODE = YES;
				CLANG_WARN__DUPLICATE_METHOD_MATCH = YES;
				CODE_SIGN_IDENTITY = "iPhone Developer";
				COPY_PHASE_STRIP = NO;
				DEBUG_INFORMATION_FORMAT = "dwarf-with-dsym";
				ENABLE_NS_ASSERTIONS = NO;
				ENABLE_STRICT_OBJC_MSGSEND = YES;
				GCC_C_LANGUAGE_STANDARD = gnu11;
				GCC_NO_COMMON_BLOCKS = YES;
				GCC_WARN_64_TO_32_BIT_CONVERSION = YES;
				GCC_WARN_ABOUT_RETURN_TYPE = YES_ERROR;
				GCC_WARN_UNDECLARED_SELECTOR = YES;
				GCC_WARN_UNINITIALIZED_AUTOS = YES_AGGRESSIVE;
				GCC_WARN_UNUSED_FUNCTION = YES;
				GCC_WARN_UNUSED_VARIABLE = YES;
				IPHONEOS_DEPLOYMENT_TARGET = 12.1;
				MTL_ENABLE_DEBUG_INFO = NO;
				MTL_FAST_MATH = YES;
				SDKROOT = iphoneos;
				SWIFT_COMPILATION_MODE = wholemodule;
				SWIFT_OPTIMIZATION_LEVEL = "-O";
				VALIDATE_PRODUCT = YES;
			};
			name = Release;
		};
		F94AC7682201893600C393E5 /* Debug */ = {
			isa = XCBuildConfiguration;
			baseConfigurationReference = 2952A6585500C93CD063F232 /* Pods-MDEditor.debug.xcconfig */;
			buildSettings = {
				ASSETCATALOG_COMPILER_APPICON_NAME = AppIcon;
				CODE_SIGN_STYLE = Automatic;
				DEVELOPMENT_TEAM = 5ZDZ2RA37W;
				INFOPLIST_FILE = MDEditor/Info.plist;
				LD_RUNPATH_SEARCH_PATHS = (
					"$(inherited)",
					"@executable_path/Frameworks",
				);
				PRODUCT_BUNDLE_IDENTIFIER = com.ashoka.MDEditor;
				PRODUCT_NAME = "$(TARGET_NAME)";
				SWIFT_VERSION = 4.2;
				TARGETED_DEVICE_FAMILY = "1,2";
			};
			name = Debug;
		};
		F94AC7692201893600C393E5 /* Release */ = {
			isa = XCBuildConfiguration;
			baseConfigurationReference = FB152E00B71AB14842B233F7 /* Pods-MDEditor.release.xcconfig */;
			buildSettings = {
				ASSETCATALOG_COMPILER_APPICON_NAME = AppIcon;
				CODE_SIGN_STYLE = Automatic;
				DEVELOPMENT_TEAM = 5ZDZ2RA37W;
				INFOPLIST_FILE = MDEditor/Info.plist;
				LD_RUNPATH_SEARCH_PATHS = (
					"$(inherited)",
					"@executable_path/Frameworks",
				);
				PRODUCT_BUNDLE_IDENTIFIER = com.ashoka.MDEditor;
				PRODUCT_NAME = "$(TARGET_NAME)";
				SWIFT_VERSION = 4.2;
				TARGETED_DEVICE_FAMILY = "1,2";
			};
			name = Release;
		};
/* End XCBuildConfiguration section */

/* Begin XCConfigurationList section */
		F94AC7502201893400C393E5 /* Build configuration list for PBXProject "MDEditor" */ = {
			isa = XCConfigurationList;
			buildConfigurations = (
				F94AC7652201893600C393E5 /* Debug */,
				F94AC7662201893600C393E5 /* Release */,
			);
			defaultConfigurationIsVisible = 0;
			defaultConfigurationName = Release;
		};
		F94AC7672201893600C393E5 /* Build configuration list for PBXNativeTarget "MDEditor" */ = {
			isa = XCConfigurationList;
			buildConfigurations = (
				F94AC7682201893600C393E5 /* Debug */,
				F94AC7692201893600C393E5 /* Release */,
			);
			defaultConfigurationIsVisible = 0;
			defaultConfigurationName = Release;
		};
/* End XCConfigurationList section */
	};
	rootObject = F94AC74D2201893400C393E5 /* Project object */;
}
